// !$*UTF8*$!
{
	archiveVersion = 1;
	classes = {
	};
	objectVersion = 46;
	objects = {

/* Begin PBXBuildFile section */
		ACE4DE351F7019CB00A3D27A /* AppDelegate.swift in Sources */ = {isa = PBXBuildFile; fileRef = ACE4DE341F7019CB00A3D27A /* AppDelegate.swift */; };
		ACE4DE3A1F7019CB00A3D27A /* Main.storyboard in Resources */ = {isa = PBXBuildFile; fileRef = ACE4DE381F7019CB00A3D27A /* Main.storyboard */; };
		ACE4DE3C1F7019CB00A3D27A /* Assets.xcassets in Resources */ = {isa = PBXBuildFile; fileRef = ACE4DE3B1F7019CB00A3D27A /* Assets.xcassets */; };
		ACE4DE3F1F7019CB00A3D27A /* LaunchScreen.storyboard in Resources */ = {isa = PBXBuildFile; fileRef = ACE4DE3D1F7019CB00A3D27A /* LaunchScreen.storyboard */; };
		ACE4DE4F1F7019DD00A3D27A /* Info.plist in Resources */ = {isa = PBXBuildFile; fileRef = ACE4DE471F7019DD00A3D27A /* Info.plist */; };
		ACE4DE501F7019DD00A3D27A /* Neon.swift in Sources */ = {isa = PBXBuildFile; fileRef = ACE4DE491F7019DD00A3D27A /* Neon.swift */; };
		ACE4DE511F7019DD00A3D27A /* NeonAlignable.swift in Sources */ = {isa = PBXBuildFile; fileRef = ACE4DE4A1F7019DD00A3D27A /* NeonAlignable.swift */; };
		ACE4DE521F7019DD00A3D27A /* NeonAnchorable.swift in Sources */ = {isa = PBXBuildFile; fileRef = ACE4DE4B1F7019DD00A3D27A /* NeonAnchorable.swift */; };
		ACE4DE531F7019DD00A3D27A /* NeonExtensions.swift in Sources */ = {isa = PBXBuildFile; fileRef = ACE4DE4C1F7019DD00A3D27A /* NeonExtensions.swift */; };
		ACE4DE541F7019DD00A3D27A /* NeonFrameable.swift in Sources */ = {isa = PBXBuildFile; fileRef = ACE4DE4D1F7019DD00A3D27A /* NeonFrameable.swift */; };
		ACE4DE551F7019DD00A3D27A /* NeonGroupable.swift in Sources */ = {isa = PBXBuildFile; fileRef = ACE4DE4E1F7019DD00A3D27A /* NeonGroupable.swift */; };
		ACE4DE5A1F7019FB00A3D27A /* FacebookProfileExampleViewController.swift in Sources */ = {isa = PBXBuildFile; fileRef = ACE4DE561F7019FB00A3D27A /* FacebookProfileExampleViewController.swift */; };
		ACE4DE5B1F7019FB00A3D27A /* IconButton.swift in Sources */ = {isa = PBXBuildFile; fileRef = ACE4DE571F7019FB00A3D27A /* IconButton.swift */; };
		ACE4DE5C1F7019FB00A3D27A /* ImageContainerView.swift in Sources */ = {isa = PBXBuildFile; fileRef = ACE4DE581F7019FB00A3D27A /* ImageContainerView.swift */; };
		ACE4DE5D1F7019FB00A3D27A /* ViewController.swift in Sources */ = {isa = PBXBuildFile; fileRef = ACE4DE591F7019FB00A3D27A /* ViewController.swift */; };
/* End PBXBuildFile section */

/* Begin PBXFileReference section */
		ACE4DE311F7019CB00A3D27A /* Neon.app */ = {isa = PBXFileReference; explicitFileType = wrapper.application; includeInIndex = 0; path = Neon.app; sourceTree = BUILT_PRODUCTS_DIR; };
		ACE4DE341F7019CB00A3D27A /* AppDelegate.swift */ = {isa = PBXFileReference; lastKnownFileType = sourcecode.swift; path = AppDelegate.swift; sourceTree = "<group>"; };
		ACE4DE391F7019CB00A3D27A /* Base */ = {isa = PBXFileReference; lastKnownFileType = file.storyboard; name = Base; path = Base.lproj/Main.storyboard; sourceTree = "<group>"; };
		ACE4DE3B1F7019CB00A3D27A /* Assets.xcassets */ = {isa = PBXFileReference; lastKnownFileType = folder.assetcatalog; path = Assets.xcassets; sourceTree = "<group>"; };
		ACE4DE3E1F7019CB00A3D27A /* Base */ = {isa = PBXFileReference; lastKnownFileType = file.storyboard; name = Base; path = Base.lproj/LaunchScreen.storyboard; sourceTree = "<group>"; };
		ACE4DE401F7019CB00A3D27A /* Info.plist */ = {isa = PBXFileReference; lastKnownFileType = text.plist.xml; path = Info.plist; sourceTree = "<group>"; };
		ACE4DE471F7019DD00A3D27A /* Info.plist */ = {isa = PBXFileReference; fileEncoding = 4; lastKnownFileType = text.plist.xml; path = Info.plist; sourceTree = "<group>"; };
		ACE4DE481F7019DD00A3D27A /* Neon.h */ = {isa = PBXFileReference; fileEncoding = 4; lastKnownFileType = sourcecode.c.h; path = Neon.h; sourceTree = "<group>"; };
		ACE4DE491F7019DD00A3D27A /* Neon.swift */ = {isa = PBXFileReference; fileEncoding = 4; lastKnownFileType = sourcecode.swift; path = Neon.swift; sourceTree = "<group>"; };
		ACE4DE4A1F7019DD00A3D27A /* NeonAlignable.swift */ = {isa = PBXFileReference; fileEncoding = 4; lastKnownFileType = sourcecode.swift; path = NeonAlignable.swift; sourceTree = "<group>"; };
		ACE4DE4B1F7019DD00A3D27A /* NeonAnchorable.swift */ = {isa = PBXFileReference; fileEncoding = 4; lastKnownFileType = sourcecode.swift; path = NeonAnchorable.swift; sourceTree = "<group>"; };
		ACE4DE4C1F7019DD00A3D27A /* NeonExtensions.swift */ = {isa = PBXFileReference; fileEncoding = 4; lastKnownFileType = sourcecode.swift; path = NeonExtensions.swift; sourceTree = "<group>"; };
		ACE4DE4D1F7019DD00A3D27A /* NeonFrameable.swift */ = {isa = PBXFileReference; fileEncoding = 4; lastKnownFileType = sourcecode.swift; path = NeonFrameable.swift; sourceTree = "<group>"; };
		ACE4DE4E1F7019DD00A3D27A /* NeonGroupable.swift */ = {isa = PBXFileReference; fileEncoding = 4; lastKnownFileType = sourcecode.swift; path = NeonGroupable.swift; sourceTree = "<group>"; };
		ACE4DE561F7019FB00A3D27A /* FacebookProfileExampleViewController.swift */ = {isa = PBXFileReference; fileEncoding = 4; lastKnownFileType = sourcecode.swift; path = FacebookProfileExampleViewController.swift; sourceTree = "<group>"; };
		ACE4DE571F7019FB00A3D27A /* IconButton.swift */ = {isa = PBXFileReference; fileEncoding = 4; lastKnownFileType = sourcecode.swift; path = IconButton.swift; sourceTree = "<group>"; };
		ACE4DE581F7019FB00A3D27A /* ImageContainerView.swift */ = {isa = PBXFileReference; fileEncoding = 4; lastKnownFileType = sourcecode.swift; path = ImageContainerView.swift; sourceTree = "<group>"; };
		ACE4DE591F7019FB00A3D27A /* ViewController.swift */ = {isa = PBXFileReference; fileEncoding = 4; lastKnownFileType = sourcecode.swift; path = ViewController.swift; sourceTree = "<group>"; };
/* End PBXFileReference section */

/* Begin PBXFrameworksBuildPhase section */
		ACE4DE2E1F7019CB00A3D27A /* Frameworks */ = {
			isa = PBXFrameworksBuildPhase;
			buildActionMask = 2147483647;
			files = (
			);
			runOnlyForDeploymentPostprocessing = 0;
		};
/* End PBXFrameworksBuildPhase section */

/* Begin PBXGroup section */
		ACE4DE281F7019CB00A3D27A = {
			isa = PBXGroup;
			children = (
				ACE4DE461F7019DD00A3D27A /* SourceNeon */,
				ACE4DE331F7019CB00A3D27A /* Neon */,
				ACE4DE321F7019CB00A3D27A /* Products */,
			);
			sourceTree = "<group>";
		};
		ACE4DE321F7019CB00A3D27A /* Products */ = {
			isa = PBXGroup;
			children = (
				ACE4DE311F7019CB00A3D27A /* Neon.app */,
			);
			name = Products;
			sourceTree = "<group>";
		};
		ACE4DE331F7019CB00A3D27A /* Neon */ = {
			isa = PBXGroup;
			children = (
				ACE4DE561F7019FB00A3D27A /* FacebookProfileExampleViewController.swift */,
				ACE4DE571F7019FB00A3D27A /* IconButton.swift */,
				ACE4DE581F7019FB00A3D27A /* ImageContainerView.swift */,
				ACE4DE591F7019FB00A3D27A /* ViewController.swift */,
				ACE4DE341F7019CB00A3D27A /* AppDelegate.swift */,
				ACE4DE381F7019CB00A3D27A /* Main.storyboard */,
				ACE4DE3B1F7019CB00A3D27A /* Assets.xcassets */,
				ACE4DE3D1F7019CB00A3D27A /* LaunchScreen.storyboard */,
				ACE4DE401F7019CB00A3D27A /* Info.plist */,
			);
			path = Neon;
			sourceTree = "<group>";
		};
		ACE4DE461F7019DD00A3D27A /* SourceNeon */ = {
			isa = PBXGroup;
			children = (
				ACE4DE471F7019DD00A3D27A /* Info.plist */,
				ACE4DE481F7019DD00A3D27A /* Neon.h */,
				ACE4DE491F7019DD00A3D27A /* Neon.swift */,
				ACE4DE4A1F7019DD00A3D27A /* NeonAlignable.swift */,
				ACE4DE4B1F7019DD00A3D27A /* NeonAnchorable.swift */,
				ACE4DE4C1F7019DD00A3D27A /* NeonExtensions.swift */,
				ACE4DE4D1F7019DD00A3D27A /* NeonFrameable.swift */,
				ACE4DE4E1F7019DD00A3D27A /* NeonGroupable.swift */,
			);
			name = SourceNeon;
			path = Source;
			sourceTree = "<group>";
		};
/* End PBXGroup section */

/* Begin PBXNativeTarget section */
		ACE4DE301F7019CB00A3D27A /* Neon */ = {
			isa = PBXNativeTarget;
			buildConfigurationList = ACE4DE431F7019CB00A3D27A /* Build configuration list for PBXNativeTarget "Neon" */;
			buildPhases = (
				ACE4DE2D1F7019CB00A3D27A /* Sources */,
				ACE4DE2E1F7019CB00A3D27A /* Frameworks */,
				ACE4DE2F1F7019CB00A3D27A /* Resources */,
			);
			buildRules = (
			);
			dependencies = (
			);
			name = Neon;
			productName = Neon;
			productReference = ACE4DE311F7019CB00A3D27A /* Neon.app */;
			productType = "com.apple.product-type.application";
		};
/* End PBXNativeTarget section */

/* Begin PBXProject section */
		ACE4DE291F7019CB00A3D27A /* Project object */ = {
			isa = PBXProject;
			attributes = {
				LastSwiftUpdateCheck = 0830;
				LastUpgradeCheck = 0900;
				ORGANIZATIONNAME = "Yannick Dupire";
				TargetAttributes = {
					ACE4DE301F7019CB00A3D27A = {
						CreatedOnToolsVersion = 8.3.3;
						LastSwiftMigration = 0900;
						ProvisioningStyle = Automatic;
					};
				};
			};
			buildConfigurationList = ACE4DE2C1F7019CB00A3D27A /* Build configuration list for PBXProject "Neon" */;
			compatibilityVersion = "Xcode 3.2";
			developmentRegion = English;
			hasScannedForEncodings = 0;
			knownRegions = (
				en,
				Base,
			);
			mainGroup = ACE4DE281F7019CB00A3D27A;
			productRefGroup = ACE4DE321F7019CB00A3D27A /* Products */;
			projectDirPath = "";
			projectRoot = "";
			targets = (
				ACE4DE301F7019CB00A3D27A /* Neon */,
			);
		};
/* End PBXProject section */

/* Begin PBXResourcesBuildPhase section */
		ACE4DE2F1F7019CB00A3D27A /* Resources */ = {
			isa = PBXResourcesBuildPhase;
			buildActionMask = 2147483647;
			files = (
				ACE4DE4F1F7019DD00A3D27A /* Info.plist in Resources */,
				ACE4DE3F1F7019CB00A3D27A /* LaunchScreen.storyboard in Resources */,
				ACE4DE3C1F7019CB00A3D27A /* Assets.xcassets in Resources */,
				ACE4DE3A1F7019CB00A3D27A /* Main.storyboard in Resources */,
			);
			runOnlyForDeploymentPostprocessing = 0;
		};
/* End PBXResourcesBuildPhase section */

/* Begin PBXSourcesBuildPhase section */
		ACE4DE2D1F7019CB00A3D27A /* Sources */ = {
			isa = PBXSourcesBuildPhase;
			buildActionMask = 2147483647;
			files = (
				ACE4DE5B1F7019FB00A3D27A /* IconButton.swift in Sources */,
				ACE4DE541F7019DD00A3D27A /* NeonFrameable.swift in Sources */,
				ACE4DE531F7019DD00A3D27A /* NeonExtensions.swift in Sources */,
				ACE4DE511F7019DD00A3D27A /* NeonAlignable.swift in Sources */,
				ACE4DE5D1F7019FB00A3D27A /* ViewController.swift in Sources */,
				ACE4DE5A1F7019FB00A3D27A /* FacebookProfileExampleViewController.swift in Sources */,
				ACE4DE501F7019DD00A3D27A /* Neon.swift in Sources */,
				ACE4DE5C1F7019FB00A3D27A /* ImageContainerView.swift in Sources */,
				ACE4DE521F7019DD00A3D27A /* NeonAnchorable.swift in Sources */,
				ACE4DE351F7019CB00A3D27A /* AppDelegate.swift in Sources */,
				ACE4DE551F7019DD00A3D27A /* NeonGroupable.swift in Sources */,
			);
			runOnlyForDeploymentPostprocessing = 0;
		};
/* End PBXSourcesBuildPhase section */

/* Begin PBXVariantGroup section */
		ACE4DE381F7019CB00A3D27A /* Main.storyboard */ = {
			isa = PBXVariantGroup;
			children = (
				ACE4DE391F7019CB00A3D27A /* Base */,
			);
			name = Main.storyboard;
			sourceTree = "<group>";
		};
		ACE4DE3D1F7019CB00A3D27A /* LaunchScreen.storyboard */ = {
			isa = PBXVariantGroup;
			children = (
				ACE4DE3E1F7019CB00A3D27A /* Base */,
			);
			name = LaunchScreen.storyboard;
			sourceTree = "<group>";
		};
/* End PBXVariantGroup section */

/* Begin XCBuildConfiguration section */
		ACE4DE411F7019CB00A3D27A /* Debug */ = {
			isa = XCBuildConfiguration;
			buildSettings = {
				ALWAYS_SEARCH_USER_PATHS = NO;
				CLANG_ANALYZER_NONNULL = YES;
				CLANG_ANALYZER_NUMBER_OBJECT_CONVERSION = YES_AGGRESSIVE;
				CLANG_CXX_LANGUAGE_STANDARD = "gnu++0x";
				CLANG_CXX_LIBRARY = "libc++";
				CLANG_ENABLE_MODULES = YES;
				CLANG_ENABLE_OBJC_ARC = YES;
				CLANG_WARN_BLOCK_CAPTURE_AUTORELEASING = YES;
				CLANG_WARN_BOOL_CONVERSION = YES;
				CLANG_WARN_COMMA = YES;
				CLANG_WARN_CONSTANT_CONVERSION = YES;
				CLANG_WARN_DIRECT_OBJC_ISA_USAGE = YES_ERROR;
				CLANG_WARN_DOCUMENTATION_COMMENTS = YES;
				CLANG_WARN_EMPTY_BODY = YES;
				CLANG_WARN_ENUM_CONVERSION = YES;
				CLANG_WARN_INFINITE_RECURSION = YES;
				CLANG_WARN_INT_CONVERSION = YES;
				CLANG_WARN_NON_LITERAL_NULL_CONVERSION = YES;
				CLANG_WARN_OBJC_LITERAL_CONVERSION = YES;
				CLANG_WARN_OBJC_ROOT_CLASS = YES_ERROR;
				CLANG_WARN_RANGE_LOOP_ANALYSIS = YES;
				CLANG_WARN_STRICT_PROTOTYPES = YES;
				CLANG_WARN_SUSPICIOUS_MOVE = YES;
				CLANG_WARN_UNREACHABLE_CODE = YES;
				CLANG_WARN__DUPLICATE_METHOD_MATCH = YES;
				"CODE_SIGN_IDENTITY[sdk=iphoneos*]" = "iPhone Developer";
				COPY_PHASE_STRIP = NO;
				DEBUG_INFORMATION_FORMAT = dwarf;
				ENABLE_STRICT_OBJC_MSGSEND = YES;
				ENABLE_TESTABILITY = YES;
				GCC_C_LANGUAGE_STANDARD = gnu99;
				GCC_DYNAMIC_NO_PIC = NO;
				GCC_NO_COMMON_BLOCKS = YES;
				GCC_OPTIMIZATION_LEVEL = 0;
				GCC_PREPROCESSOR_DEFINITIONS = (
					"DEBUG=1",
					"$(inherited)",
				);
				GCC_WARN_64_TO_32_BIT_CONVERSION = YES;
				GCC_WARN_ABOUT_RETURN_TYPE = YES_ERROR;
				GCC_WARN_UNDECLARED_SELECTOR = YES;
				GCC_WARN_UNINITIALIZED_AUTOS = YES_AGGRESSIVE;
				GCC_WARN_UNUSED_FUNCTION = YES;
				GCC_WARN_UNUSED_VARIABLE = YES;
				IPHONEOS_DEPLOYMENT_TARGET = 10.3;
				MTL_ENABLE_DEBUG_INFO = YES;
				ONLY_ACTIVE_ARCH = YES;
				SDKROOT = iphoneos;
				SWIFT_ACTIVE_COMPILATION_CONDITIONS = DEBUG;
				SWIFT_OPTIMIZATION_LEVEL = "-Onone";
				TARGETED_DEVICE_FAMILY = 2;
			};
			name = Debug;
		};
		ACE4DE421F7019CB00A3D27A /* Release */ = {
			isa = XCBuildConfiguration;
			buildSettings = {
				ALWAYS_SEARCH_USER_PATHS = NO;
				CLANG_ANALYZER_NONNULL = YES;
				CLANG_ANALYZER_NUMBER_OBJECT_CONVERSION = YES_AGGRESSIVE;
				CLANG_CXX_LANGUAGE_STANDARD = "gnu++0x";
				CLANG_CXX_LIBRARY = "libc++";
				CLANG_ENABLE_MODULES = YES;
				CLANG_ENABLE_OBJC_ARC = YES;
				CLANG_WARN_BLOCK_CAPTURE_AUTORELEASING = YES;
				CLANG_WARN_BOOL_CONVERSION = YES;
				CLANG_WARN_COMMA = YES;
				CLANG_WARN_CONSTANT_CONVERSION = YES;
				CLANG_WARN_DIRECT_OBJC_ISA_USAGE = YES_ERROR;
				CLANG_WARN_DOCUMENTATION_COMMENTS = YES;
				CLANG_WARN_EMPTY_BODY = YES;
				CLANG_WARN_ENUM_CONVERSION = YES;
				CLANG_WARN_INFINITE_RECURSION = YES;
				CLANG_WARN_INT_CONVERSION = YES;
				CLANG_WARN_NON_LITERAL_NULL_CONVERSION = YES;
				CLANG_WARN_OBJC_LITERAL_CONVERSION = YES;
				CLANG_WARN_OBJC_ROOT_CLASS = YES_ERROR;
				CLANG_WARN_RANGE_LOOP_ANALYSIS = YES;
				CLANG_WARN_STRICT_PROTOTYPES = YES;
				CLANG_WARN_SUSPICIOUS_MOVE = YES;
				CLANG_WARN_UNREACHABLE_CODE = YES;
				CLANG_WARN__DUPLICATE_METHOD_MATCH = YES;
				"CODE_SIGN_IDENTITY[sdk=iphoneos*]" = "iPhone Developer";
				COPY_PHASE_STRIP = NO;
				DEBUG_INFORMATION_FORMAT = "dwarf-with-dsym";
				ENABLE_NS_ASSERTIONS = NO;
				ENABLE_STRICT_OBJC_MSGSEND = YES;
				GCC_C_LANGUAGE_STANDARD = gnu99;
				GCC_NO_COMMON_BLOCKS = YES;
				GCC_WARN_64_TO_32_BIT_CONVERSION = YES;
				GCC_WARN_ABOUT_RETURN_TYPE = YES_ERROR;
				GCC_WARN_UNDECLARED_SELECTOR = YES;
				GCC_WARN_UNINITIALIZED_AUTOS = YES_AGGRESSIVE;
				GCC_WARN_UNUSED_FUNCTION = YES;
				GCC_WARN_UNUSED_VARIABLE = YES;
				IPHONEOS_DEPLOYMENT_TARGET = 10.3;
				MTL_ENABLE_DEBUG_INFO = NO;
				SDKROOT = iphoneos;
				SWIFT_OPTIMIZATION_LEVEL = "-Owholemodule";
				TARGETED_DEVICE_FAMILY = 2;
				VALIDATE_PRODUCT = YES;
			};
			name = Release;
		};
		ACE4DE441F7019CB00A3D27A /* Debug */ = {
			isa = XCBuildConfiguration;
			buildSettings = {
				ASSETCATALOG_COMPILER_APPICON_NAME = AppIcon;
				INFOPLIST_FILE = Neon/Info.plist;
				LD_RUNPATH_SEARCH_PATHS = "$(inherited) @executable_path/Frameworks";
				PRODUCT_BUNDLE_IDENTIFIER = com.dupire.yannick.Neon;
				PRODUCT_NAME = "$(TARGET_NAME)";
				SWIFT_SWIFT3_OBJC_INFERENCE = On;
				SWIFT_VERSION = 4.0;
			};
			name = Debug;
		};
		ACE4DE451F7019CB00A3D27A /* Release */ = {
			isa = XCBuildConfiguration;
			buildSettings = {
				ASSETCATALOG_COMPILER_APPICON_NAME = AppIcon;
				INFOPLIST_FILE = Neon/Info.plist;
				LD_RUNPATH_SEARCH_PATHS = "$(inherited) @executable_path/Frameworks";
				PRODUCT_BUNDLE_IDENTIFIER = com.dupire.yannick.Neon;
				PRODUCT_NAME = "$(TARGET_NAME)";
				SWIFT_SWIFT3_OBJC_INFERENCE = On;
				SWIFT_VERSION = 4.0;
			};
			name = Release;
		};
/* End XCBuildConfiguration section */

/* Begin XCConfigurationList section */
		ACE4DE2C1F7019CB00A3D27A /* Build configuration list for PBXProject "Neon" */ = {
			isa = XCConfigurationList;
			buildConfigurations = (
				ACE4DE411F7019CB00A3D27A /* Debug */,
				ACE4DE421F7019CB00A3D27A /* Release */,
			);
			defaultConfigurationIsVisible = 0;
			defaultConfigurationName = Release;
		};
		ACE4DE431F7019CB00A3D27A /* Build configuration list for PBXNativeTarget "Neon" */ = {
			isa = XCConfigurationList;
			buildConfigurations = (
				ACE4DE441F7019CB00A3D27A /* Debug */,
				ACE4DE451F7019CB00A3D27A /* Release */,
			);
			defaultConfigurationIsVisible = 0;
			defaultConfigurationName = Release;
		};
/* End XCConfigurationList section */
	};
	rootObject = ACE4DE291F7019CB00A3D27A /* Project object */;
}
